
Microsoft Visual Studio Solution File, Format Version 12.00
# Visual Studio Version 17
VisualStudioVersion = 17.13.35931.197
MinimumVisualStudioVersion = 10.0.40219.1
Project("{FAE04EC0-301F-11D3-BF4B-00C04F79EFBC}") = "TileMap", "TileMap\TileMap.csproj", "{AA08101A-C371-4115-B9C3-EF7F2E02AD73}"
EndProject
Project("{FAE04EC0-301F-11D3-BF4B-00C04F79EFBC}") = "TileMap.Tests", "TileMapTests\TileMap.Tests.csproj", "{BBF4D0B8-B09A-4CB4-9B11-D669291DF7D5}"
EndProject
Project("{FAE04EC0-301F-11D3-BF4B-00C04F79EFBC}") = "TileMap.ConsoleApp", "TileMap.ConsoleApp\TileMap.ConsoleApp.csproj", "{3BD319A3-CB76-4EF3-A874-5A21AD102973}"
EndProject
Project("{FAE04EC0-301F-11D3-BF4B-00C04F79EFBC}") = "TileMap.Contracts", "Contracts\TileMap.Contracts.csproj", "{DCFDAC25-A5A4-4C9D-A06F-6FBC89D8DE68}"
EndProject
Project("{FAE04EC0-301F-11D3-BF4B-00C04F79EFBC}") = "TileMap.Networking", "Networking\TileMap.Networking.csproj", "{E204FBB5-3112-4710-B53F-29FAC47E9B7E}"
EndProject
Project("{FAE04EC0-301F-11D3-BF4B-00C04F79EFBC}") = "TileMap.MapUdpClient", "MapUdpClient\TileMap.MapUdpClient.csproj", "{8F2B7909-40F6-4015-98D3-032B4E34F44C}"
EndProject
Global
	GlobalSection(SolutionConfigurationPlatforms) = preSolution
		Debug|Any CPU = Debug|Any CPU
		Release|Any CPU = Release|Any CPU
	EndGlobalSection
	GlobalSection(ProjectConfigurationPlatforms) = postSolution
		{AA08101A-C371-4115-B9C3-EF7F2E02AD73}.Debug|Any CPU.ActiveCfg = Debug|Any CPU
		{AA08101A-C371-4115-B9C3-EF7F2E02AD73}.Debug|Any CPU.Build.0 = Debug|Any CPU
		{AA08101A-C371-4115-B9C3-EF7F2E02AD73}.Release|Any CPU.ActiveCfg = Release|Any CPU
		{AA08101A-C371-4115-B9C3-EF7F2E02AD73}.Release|Any CPU.Build.0 = Release|Any CPU
		{BBF4D0B8-B09A-4CB4-9B11-D669291DF7D5}.Debug|Any CPU.ActiveCfg = Debug|Any CPU
		{BBF4D0B8-B09A-4CB4-9B11-D669291DF7D5}.Debug|Any CPU.Build.0 = Debug|Any CPU
		{BBF4D0B8-B09A-4CB4-9B11-D669291DF7D5}.Release|Any CPU.ActiveCfg = Release|Any CPU
		{BBF4D0B8-B09A-4CB4-9B11-D669291DF7D5}.Release|Any CPU.Build.0 = Release|Any CPU
		{3BD319A3-CB76-4EF3-A874-5A21AD102973}.Debug|Any CPU.ActiveCfg = Debug|Any CPU
		{3BD319A3-CB76-4EF3-A874-5A21AD102973}.Debug|Any CPU.Build.0 = Debug|Any CPU
		{3BD319A3-CB76-4EF3-A874-5A21AD102973}.Release|Any CPU.ActiveCfg = Release|Any CPU
		{3BD319A3-CB76-4EF3-A874-5A21AD102973}.Release|Any CPU.Build.0 = Release|Any CPU
		{DCFDAC25-A5A4-4C9D-A06F-6FBC89D8DE68}.Debug|Any CPU.ActiveCfg = Debug|Any CPU
		{DCFDAC25-A5A4-4C9D-A06F-6FBC89D8DE68}.Debug|Any CPU.Build.0 = Debug|Any CPU
		{DCFDAC25-A5A4-4C9D-A06F-6FBC89D8DE68}.Release|Any CPU.ActiveCfg = Release|Any CPU
		{DCFDAC25-A5A4-4C9D-A06F-6FBC89D8DE68}.Release|Any CPU.Build.0 = Release|Any CPU
		{E204FBB5-3112-4710-B53F-29FAC47E9B7E}.Debug|Any CPU.ActiveCfg = Debug|Any CPU
		{E204FBB5-3112-4710-B53F-29FAC47E9B7E}.Debug|Any CPU.Build.0 = Debug|Any CPU
		{E204FBB5-3112-4710-B53F-29FAC47E9B7E}.Release|Any CPU.ActiveCfg = Release|Any CPU
		{E204FBB5-3112-4710-B53F-29FAC47E9B7E}.Release|Any CPU.Build.0 = Release|Any CPU
		{8F2B7909-40F6-4015-98D3-032B4E34F44C}.Debug|Any CPU.ActiveCfg = Debug|Any CPU
		{8F2B7909-40F6-4015-98D3-032B4E34F44C}.Debug|Any CPU.Build.0 = Debug|Any CPU
		{8F2B7909-40F6-4015-98D3-032B4E34F44C}.Release|Any CPU.ActiveCfg = Release|Any CPU
		{8F2B7909-40F6-4015-98D3-032B4E34F44C}.Release|Any CPU.Build.0 = Release|Any CPU
	EndGlobalSection
	GlobalSection(SolutionProperties) = preSolution
		HideSolutionNode = FALSE
	EndGlobalSection
	GlobalSection(ExtensibilityGlobals) = postSolution
		SolutionGuid = {84D68EFF-21F7-4E9B-A4A5-D235E3DA000E}
	EndGlobalSection
EndGlobal
